{
  "version": 4,
  "terraform_version": "1.14.4",
  "serial": 418,
  "lineage": "ee38b931-9b7b-b614-6f29-c19a702338a9",
  "outputs": {
    "load_balancer_address": {
      "value": "CPU-stress-lb-922856843.us-east-1.elb.amazonaws.com",
      "type": "string"
    }
  },
  "resources": [
    {
      "module": "module.my_infrastructure",
      "mode": "data",
      "type": "aws_availability_zones",
      "name": "available",
      "provider": "provider[\"registry.terraform.io/hashicorp/aws\"]",
      "instances": [
        {
          "schema_version": 0,
          "attributes": {
            "all_availability_zones": null,
            "exclude_names": null,
            "exclude_zone_ids": null,
            "filter": null,
            "group_names": [
              "us-east-1-zg-1"
            ],
            "id": "us-east-1",
            "names": [
              "us-east-1a",
              "us-east-1b",
              "us-east-1c",
              "us-east-1d",
              "us-east-1e",
              "us-east-1f"
            ],
            "region": "us-east-1",
            "state": "available",
            "timeouts": null,
            "zone_ids": [
              "use1-az1",
              "use1-az2",
              "use1-az4",
              "use1-az6",
              "use1-az3",
              "use1-az5"
            ]
          },
          "sensitive_attributes": [],
          "identity_schema_version": 0
        }
      ]
    },
    {
      "module": "module.my_infrastructure",
      "mode": "managed",
      "type": "aws_autoscaling_group",
      "name": "CPU_stress_asg",
      "provider": "provider[\"registry.terraform.io/hashicorp/aws\"]",
      "instances": [
        {
          "schema_version": 1,
          "attributes": {
            "arn": "arn:aws:autoscaling:us-east-1:917714657832:autoScalingGroup:4bcd034d-f9bc-4531-8fda-9ec8358be574:autoScalingGroupName/CPU-stress-asg",
            "availability_zone_distribution": [
              {
                "capacity_distribution_strategy": "balanced-best-effort"
              }
            ],
            "availability_zones": [
              "us-east-1a",
              "us-east-1b"
            ],
            "capacity_rebalance": false,
            "capacity_reservation_specification": [
              {
                "capacity_reservation_preference": "default",
                "capacity_reservation_target": []
              }
            ],
            "context": "",
            "default_cooldown": 300,
            "default_instance_warmup": 0,
            "desired_capacity": 2,
            "desired_capacity_type": "",
            "enabled_metrics": null,
            "force_delete": false,
            "force_delete_warm_pool": false,
            "health_check_grace_period": 300,
            "health_check_type": "EC2",
            "id": "CPU-stress-asg",
            "ignore_failed_scaling_activities": false,
            "initial_lifecycle_hook": [],
            "instance_maintenance_policy": [],
            "instance_refresh": [],
            "launch_configuration": "",
            "launch_template": [
              {
                "id": "lt-0c0bbaa6d731890b0",
                "name": "golden_machin20260416205253478000000002",
                "version": "$Latest"
              }
            ],
            "load_balancers": [],
            "max_instance_lifetime": 0,
            "max_size": 4,
            "metrics_granularity": "1Minute",
            "min_elb_capacity": null,
            "min_size": 2,
            "mixed_instances_policy": [],
            "name": "CPU-stress-asg",
            "name_prefix": "",
            "placement_group": "",
            "predicted_capacity": 0,
            "protect_from_scale_in": false,
            "region": "us-east-1",
            "service_linked_role_arn": "arn:aws:iam::917714657832:role/aws-service-role/autoscaling.amazonaws.com/AWSServiceRoleForAutoScaling",
            "suspended_processes": null,
            "tag": [
              {
                "key": "Name",
                "propagate_at_launch": true,
                "value": "ASG-Instance"
              }
            ],
            "target_group_arns": [
              "arn:aws:elasticloadbalancing:us-east-1:917714657832:targetgroup/CPU-stress-tg/141ab9869fdcf302"
            ],
            "termination_policies": null,
            "timeouts": null,
            "traffic_source": [
              {
                "identifier": "arn:aws:elasticloadbalancing:us-east-1:917714657832:targetgroup/CPU-stress-tg/141ab9869fdcf302",
                "type": "elbv2"
              }
            ],
            "vpc_zone_identifier": [
              "subnet-020cddbfe3bd72750",
              "subnet-0fe2f84012d7f07e7"
            ],
            "wait_for_capacity_timeout": "10m",
            "wait_for_elb_capacity": null,
            "warm_pool": [],
            "warm_pool_size": 0
          },
          "sensitive_attributes": [],
          "identity_schema_version": 0,
          "private": "eyJlMmJmYjczMC1lY2FhLTExZTYtOGY4OC0zNDM2M2JjN2M0YzAiOnsiZGVsZXRlIjo2MDAwMDAwMDAwMDAsInVwZGF0ZSI6NjAwMDAwMDAwMDAwfSwic2NoZW1hX3ZlcnNpb24iOiIxIn0=",
          "dependencies": [
            "module.my_infrastructure.aws_key_pair.deployer_key",
            "module.my_infrastructure.aws_launch_template.golden_machin_template",
            "module.my_infrastructure.aws_lb_target_group.CPU_stress_tg",
            "module.my_infrastructure.aws_security_group.CPU_stress_sg",
            "module.my_infrastructure.aws_subnet.CPU_stress_Subnet",
            "module.my_infrastructure.aws_subnet.CPU_stress_Subnet_2",
            "module.my_infrastructure.aws_vpc.CPU_stress_vpc",
            "module.my_infrastructure.tls_private_key.dolev_key_pair"
          ]
        }
      ]
    },
    {
      "module": "module.my_infrastructure",
      "mode": "managed",
      "type": "aws_autoscaling_policy",
      "name": "cpu_scale_down",
      "provider": "provider[\"registry.terraform.io/hashicorp/aws\"]",
      "instances": [
        {
          "schema_version": 0,
          "attributes": {
            "adjustment_type": "ChangeInCapacity",
            "arn": "arn:aws:autoscaling:us-east-1:917714657832:scalingPolicy:6a06cc66-c489-4ba0-aa1b-d52e4c0b8034:autoScalingGroupName/CPU-stress-asg:policyName/cpu-scale-down",
            "autoscaling_group_name": "CPU-stress-asg",
            "cooldown": 30,
            "enabled": true,
            "estimated_instance_warmup": 0,
            "id": "cpu-scale-down",
            "metric_aggregation_type": "",
            "min_adjustment_magnitude": 0,
            "name": "cpu-scale-down",
            "policy_type": "SimpleScaling",
            "predictive_scaling_configuration": [],
            "region": "us-east-1",
            "scaling_adjustment": -1,
            "step_adjustment": [],
            "target_tracking_configuration": []
          },
          "sensitive_attributes": [],
          "identity_schema_version": 0,
          "private": "bnVsbA==",
          "dependencies": [
            "module.my_infrastructure.aws_autoscaling_group.CPU_stress_asg",
            "module.my_infrastructure.aws_key_pair.deployer_key",
            "module.my_infrastructure.aws_launch_template.golden_machin_template",
            "module.my_infrastructure.aws_lb_target_group.CPU_stress_tg",
            "module.my_infrastructure.aws_security_group.CPU_stress_sg",
            "module.my_infrastructure.aws_subnet.CPU_stress_Subnet",
            "module.my_infrastructure.aws_subnet.CPU_stress_Subnet_2",
            "module.my_infrastructure.aws_vpc.CPU_stress_vpc",
            "module.my_infrastructure.tls_private_key.dolev_key_pair"
          ]
        }
      ]
    },
    {
      "module": "module.my_infrastructure",
      "mode": "managed",
      "type": "aws_autoscaling_policy",
      "name": "cpu_scale_up",
      "provider": "provider[\"registry.terraform.io/hashicorp/aws\"]",
      "instances": [
        {
          "schema_version": 0,
          "attributes": {
            "adjustment_type": "ChangeInCapacity",
            "arn": "arn:aws:autoscaling:us-east-1:917714657832:scalingPolicy:d1bc3c1a-e3d9-4882-b600-65e3594bcfb5:autoScalingGroupName/CPU-stress-asg:policyName/cpu-scale-up",
            "autoscaling_group_name": "CPU-stress-asg",
            "cooldown": 30,
            "enabled": true,
            "estimated_instance_warmup": 0,
            "id": "cpu-scale-up",
            "metric_aggregation_type": "",
            "min_adjustment_magnitude": 0,
            "name": "cpu-scale-up",
            "policy_type": "SimpleScaling",
            "predictive_scaling_configuration": [],
            "region": "us-east-1",
            "scaling_adjustment": 1,
            "step_adjustment": [],
            "target_tracking_configuration": []
          },
          "sensitive_attributes": [],
          "identity_schema_version": 0,
          "private": "bnVsbA==",
          "dependencies": [
            "module.my_infrastructure.aws_autoscaling_group.CPU_stress_asg",
            "module.my_infrastructure.aws_key_pair.deployer_key",
            "module.my_infrastructure.aws_launch_template.golden_machin_template",
            "module.my_infrastructure.aws_lb_target_group.CPU_stress_tg",
            "module.my_infrastructure.aws_security_group.CPU_stress_sg",
            "module.my_infrastructure.aws_subnet.CPU_stress_Subnet",
            "module.my_infrastructure.aws_subnet.CPU_stress_Subnet_2",
            "module.my_infrastructure.aws_vpc.CPU_stress_vpc",
            "module.my_infrastructure.tls_private_key.dolev_key_pair"
          ]
        }
      ]
    },
    {
      "module": "module.my_infrastructure",
      "mode": "managed",
      "type": "aws_cloudwatch_metric_alarm",
      "name": "high_cpu",
      "provider": "provider[\"registry.terraform.io/hashicorp/aws\"]",
      "instances": [
        {
          "schema_version": 1,
          "attributes": {
            "actions_enabled": true,
            "alarm_actions": [
              "arn:aws:autoscaling:us-east-1:917714657832:scalingPolicy:d1bc3c1a-e3d9-4882-b600-65e3594bcfb5:autoScalingGroupName/CPU-stress-asg:policyName/cpu-scale-up"
            ],
            "alarm_description": "",
            "alarm_name": "high-cpu-alarm",
            "arn": "arn:aws:cloudwatch:us-east-1:917714657832:alarm:high-cpu-alarm",
            "comparison_operator": "GreaterThanThreshold",
            "datapoints_to_alarm": 0,
            "dimensions": {
              "AutoScalingGroupName": "CPU-stress-asg"
            },
            "evaluate_low_sample_count_percentiles": "",
            "evaluation_periods": 2,
            "extended_statistic": "",
            "id": "high-cpu-alarm",
            "insufficient_data_actions": null,
            "metric_name": "CPUUtilization",
            "metric_query": [],
            "namespace": "AWS/EC2",
            "ok_actions": null,
            "period": 30,
            "region": "us-east-1",
            "statistic": "Average",
            "tags": null,
            "tags_all": {},
            "threshold": 60,
            "threshold_metric_id": "",
            "treat_missing_data": "missing",
            "unit": ""
          },
          "sensitive_attributes": [],
          "identity_schema_version": 0,
          "identity": {
            "account_id": "917714657832",
            "alarm_name": "high-cpu-alarm",
            "region": "us-east-1"
          },
          "private": "eyJzY2hlbWFfdmVyc2lvbiI6IjEifQ==",
          "dependencies": [
            "module.my_infrastructure.aws_autoscaling_group.CPU_stress_asg",
            "module.my_infrastructure.aws_autoscaling_policy.cpu_scale_up",
            "module.my_infrastructure.aws_key_pair.deployer_key",
            "module.my_infrastructure.aws_launch_template.golden_machin_template",
            "module.my_infrastructure.aws_lb_target_group.CPU_stress_tg",
            "module.my_infrastructure.aws_security_group.CPU_stress_sg",
            "module.my_infrastructure.aws_subnet.CPU_stress_Subnet",
            "module.my_infrastructure.aws_subnet.CPU_stress_Subnet_2",
            "module.my_infrastructure.aws_vpc.CPU_stress_vpc",
            "module.my_infrastructure.tls_private_key.dolev_key_pair"
          ]
        }
      ]
    },
    {
      "module": "module.my_infrastructure",
      "mode": "managed",
      "type": "aws_cloudwatch_metric_alarm",
      "name": "low_cpu",
      "provider": "provider[\"registry.terraform.io/hashicorp/aws\"]",
      "instances": [
        {
          "schema_version": 1,
          "attributes": {
            "actions_enabled": true,
            "alarm_actions": [
              "arn:aws:autoscaling:us-east-1:917714657832:scalingPolicy:6a06cc66-c489-4ba0-aa1b-d52e4c0b8034:autoScalingGroupName/CPU-stress-asg:policyName/cpu-scale-down"
            ],
            "alarm_description": "",
            "alarm_name": "low-cpu-alarm",
            "arn": "arn:aws:cloudwatch:us-east-1:917714657832:alarm:low-cpu-alarm",
            "comparison_operator": "LessThanThreshold",
            "datapoints_to_alarm": 0,
            "dimensions": {
              "AutoScalingGroupName": "CPU-stress-asg"
            },
            "evaluate_low_sample_count_percentiles": "",
            "evaluation_periods": 2,
            "extended_statistic": "",
            "id": "low-cpu-alarm",
            "insufficient_data_actions": null,
            "metric_name": "CPUUtilization",
            "metric_query": [],
            "namespace": "AWS/EC2",
            "ok_actions": null,
            "period": 30,
            "region": "us-east-1",
            "statistic": "Average",
            "tags": null,
            "tags_all": {},
            "threshold": 40,
            "threshold_metric_id": "",
            "treat_missing_data": "missing",
            "unit": ""
          },
          "sensitive_attributes": [],
          "identity_schema_version": 0,
          "identity": {
            "account_id": "917714657832",
            "alarm_name": "low-cpu-alarm",
            "region": "us-east-1"
          },
          "private": "eyJzY2hlbWFfdmVyc2lvbiI6IjEifQ==",
          "dependencies": [
            "module.my_infrastructure.aws_autoscaling_group.CPU_stress_asg",
            "module.my_infrastructure.aws_autoscaling_policy.cpu_scale_down",
            "module.my_infrastructure.aws_key_pair.deployer_key",
            "module.my_infrastructure.aws_launch_template.golden_machin_template",
            "module.my_infrastructure.aws_lb_target_group.CPU_stress_tg",
            "module.my_infrastructure.aws_security_group.CPU_stress_sg",
            "module.my_infrastructure.aws_subnet.CPU_stress_Subnet",
            "module.my_infrastructure.aws_subnet.CPU_stress_Subnet_2",
            "module.my_infrastructure.aws_vpc.CPU_stress_vpc",
            "module.my_infrastructure.tls_private_key.dolev_key_pair"
          ]
        }
      ]
    },
    {
      "module": "module.my_infrastructure",
      "mode": "managed",
      "type": "aws_internet_gateway",
      "name": "gw",
      "provider": "provider[\"registry.terraform.io/hashicorp/aws\"]",
      "instances": [
        {
          "schema_version": 0,
          "attributes": {
            "arn": "arn:aws:ec2:us-east-1:917714657832:internet-gateway/igw-0e89ff692b90d9404",
            "id": "igw-0e89ff692b90d9404",
            "owner_id": "917714657832",
            "region": "us-east-1",
            "tags": {
              "Name": "CPU-stress-igw"
            },
            "tags_all": {
              "Name": "CPU-stress-igw"
            },
            "timeouts": null,
            "vpc_id": "vpc-07214bb42439411fc"
          },
          "sensitive_attributes": [],
          "identity_schema_version": 0,
          "private": "eyJlMmJmYjczMC1lY2FhLTExZTYtOGY4OC0zNDM2M2JjN2M0YzAiOnsiY3JlYXRlIjoxMjAwMDAwMDAwMDAwLCJkZWxldGUiOjEyMDAwMDAwMDAwMDAsInVwZGF0ZSI6MTIwMDAwMDAwMDAwMH19",
          "dependencies": [
            "module.my_infrastructure.aws_vpc.CPU_stress_vpc"
          ]
        }
      ]
    },
    {
      "module": "module.my_infrastructure",
      "mode": "managed",
      "type": "aws_key_pair",
      "name": "deployer_key",
      "provider": "provider[\"registry.terraform.io/hashicorp/aws\"]",
      "instances": [
        {
          "schema_version": 1,
          "attributes": {
            "arn": "arn:aws:ec2:us-east-1:917714657832:key-pair/CPU-sterss-key",
            "fingerprint": "a2:01:45:70:d3:9a:6e:44:97:ad:c0:18:2b:74:8a:ae",
            "id": "CPU-sterss-key",
            "key_name": "CPU-sterss-key",
            "key_name_prefix": "",
            "key_pair_id": "key-0ef9c6402bf6fcbec",
            "key_type": "rsa",
            "public_key": "ssh-rsa AAAAB3NzaC1yc2EAAAADAQABAAACAQC+F9iryp/mgMndAg2rj3Zy2FAweMYZyBH9IS9w96CCtGTGQQgBTryxyS9Zk0OxmkXoTOP9hZvJdyfWAoVkJxS6Fw7e91GTsOT+iZelaRxofVp3TiG8jmJ801MxePcUFnrJkX7Ty2foBjtDd5YeuncsTsOUt9kq/Z1V+9Q8AV4BpmPiJBPYAR14i/GJETjsAztDsiFJoDjB7wRq5iu+9JCSUpf7aNq9/ile+PuSqSdNvVfEyDjikGTYuqfS5OqnoT0fVaRax5L5R9JXSXI3mhkWJYqKPFgv6U9/T+c0OGyxD12aq0vnPe3ZezfNlGFWJ7gwuekg3Bs6K6uq9lywzLyjcqjBiP/x7224sf3ldra9k8Wa5OWpzH184FehEVA737ZE99zCTVNoKeCnE+cIeVzB5O40+nxRWrYuLNf5RmtSxNfTLgueT3bEng1uEx8lJ0aAIMTWvllOY/ElJ+UMYbkLdTb2aN6cB6+6b9NhX0GgHNX9HWZJ99caUyAr2h8UXIEwQO1pYK9oaVZOUZ9UPGH9dAPzM/2TzAsSe7QXzs0GJRfcXy+UmTLCmedV5f3O+mdltACel+3rzK9uQlRuC7u3szNQVgUO9Uy7YXjmu1HbagaEpyyXnY0FpoXmTgsA9qUc8J0dILZXEihWlWTSVMxlpTyZIwE3tG1C/L6IW5QIkQ==",
            "region": "us-east-1",
            "tags": null,
            "tags_all": {}
          },
          "sensitive_attributes": [],
          "identity_schema_version": 0,
          "private": "eyJzY2hlbWFfdmVyc2lvbiI6IjEifQ==",
          "dependencies": [
            "module.my_infrastructure.tls_private_key.dolev_key_pair"
          ]
        }
      ]
    },
    {
      "module": "module.my_infrastructure",
      "mode": "managed",
      "type": "aws_launch_template",
      "name": "golden_machin_template",
      "provider": "provider[\"registry.terraform.io/hashicorp/aws\"]",
      "instances": [
        {
          "schema_version": 1,
          "attributes": {
            "arn": "arn:aws:ec2:us-east-1:917714657832:launch-template/lt-0c0bbaa6d731890b0",
            "block_device_mappings": [],
            "capacity_reservation_specification": [],
            "cpu_options": [],
            "credit_specification": [],
            "default_version": 1,
            "description": "",
            "disable_api_stop": false,
            "disable_api_termination": false,
            "ebs_optimized": "",
            "enclave_options": [],
            "hibernation_options": [],
            "iam_instance_profile": [],
            "id": "lt-0c0bbaa6d731890b0",
            "image_id": "ami-0ea87431b78a82070",
            "instance_initiated_shutdown_behavior": "",
            "instance_market_options": [],
            "instance_requirements": [],
            "instance_type": "t3.micro",
            "kernel_id": "",
            "key_name": "CPU-sterss-key",
            "latest_version": 1,
            "license_specification": [],
            "maintenance_options": [],
            "metadata_options": [],
            "monitoring": [],
            "name": "golden_machin20260416205253478000000002",
            "name_prefix": "golden_machin",
            "network_interfaces": [
              {
                "associate_carrier_ip_address": "",
                "associate_public_ip_address": "true",
                "connection_tracking_specification": [],
                "delete_on_termination": "",
                "description": "",
                "device_index": 0,
                "ena_srd_specification": [],
                "interface_type": "",
                "ipv4_address_count": 0,
                "ipv4_addresses": null,
                "ipv4_prefix_count": 0,
                "ipv4_prefixes": null,
                "ipv6_address_count": 0,
                "ipv6_addresses": null,
                "ipv6_prefix_count": 0,
                "ipv6_prefixes": null,
                "network_card_index": 0,
                "network_interface_id": "",
                "primary_ipv6": "",
                "private_ip_address": "",
                "security_groups": [
                  "sg-00e0120a19538943b"
                ],
                "subnet_id": ""
              }
            ],
            "network_performance_options": [],
            "placement": [],
            "private_dns_name_options": [],
            "ram_disk_id": "",
            "region": "us-east-1",
            "secondary_interfaces": [],
            "security_group_names": null,
            "tag_specifications": [
              {
                "resource_type": "instance",
                "tags": {
                  "Name": "Golden-Server-Node"
                }
              }
            ],
            "tags": null,
            "tags_all": {},
            "update_default_version": null,
            "user_data": "IyEvYmluL2Jhc2gKc3VkbyB5dW0gdXBkYXRlIC15CnN1ZG8geXVtIGluc3RhbGwgZ2l0IHB5dGhvbjMgcHl0aG9uMy1waXAgLXkKc3VkbyBwaXAzIGluc3RhbGwgZmxhc2sgCgpjZCAvaG9tZS9lYzItdXNlcgoKc3VkbyBybSAtcmYgQ1BVLXN0ZXJzc2VyCmdpdCBjbG9uZSBodHRwczovL2dpdGh1Yi5jb20vZG9sZXYyMjUvQ1BVLXN0ZXJzc2VyLmdpdAoKc3VkbyBjcCAvaG9tZS9lYzItdXNlci9DUFUtc3RlcnNzZXIvQ1BVLXN0cmVzcy1jb2RlL2NwdV9zdHJlc3Muc2VydmljZSAvZXRjL3N5c3RlbWQvc3lzdGVtLwoKc3VkbyBzeXN0ZW1jdGwgZGFlbW9uLXJlbG9hZApzdWRvIHN5c3RlbWN0bCBlbmFibGUgY3B1X3N0cmVzcy5zZXJ2aWNlCnN1ZG8gc3lzdGVtY3RsIHN0YXJ0IGNwdV9zdHJlc3Muc2VydmljZQoKc3VkbyBjaG93biAtUiBlYzItdXNlcjplYzItdXNlciAvaG9tZS9lYzItdXNlci9DUFUtc3RlcnNzZXI=",
            "vpc_security_group_ids": null
          },
          "sensitive_attributes": [],
          "identity_schema_version": 0,
          "private": "eyJzY2hlbWFfdmVyc2lvbiI6IjEifQ==",
          "dependencies": [
            "module.my_infrastructure.aws_key_pair.deployer_key",
            "module.my_infrastructure.aws_security_group.CPU_stress_sg",
            "module.my_infrastructure.aws_vpc.CPU_stress_vpc",
            "module.my_infrastructure.tls_private_key.dolev_key_pair"
          ]
        }
      ]
    },
    {
      "module": "module.my_infrastructure",
      "mode": "managed",
      "type": "aws_lb",
      "name": "CPU_stress_lb",
      "provider": "provider[\"registry.terraform.io/hashicorp/aws\"]",
      "instances": [
        {
          "schema_version": 0,
          "attributes": {
            "access_logs": [
              {
                "bucket": "",
                "enabled": false,
                "prefix": ""
              }
            ],
            "arn": "arn:aws:elasticloadbalancing:us-east-1:917714657832:loadbalancer/app/CPU-stress-lb/b5af8f13387de8a4",
            "arn_suffix": "app/CPU-stress-lb/b5af8f13387de8a4",
            "client_keep_alive": 3600,
            "connection_logs": [
              {
                "bucket": "",
                "enabled": false,
                "prefix": ""
              }
            ],
            "customer_owned_ipv4_pool": "",
            "desync_mitigation_mode": "defensive",
            "dns_name": "CPU-stress-lb-922856843.us-east-1.elb.amazonaws.com",
            "dns_record_client_routing_policy": null,
            "drop_invalid_header_fields": false,
            "enable_cross_zone_load_balancing": true,
            "enable_deletion_protection": false,
            "enable_http2": true,
            "enable_tls_version_and_cipher_suite_headers": false,
            "enable_waf_fail_open": false,
            "enable_xff_client_port": false,
            "enable_zonal_shift": false,
            "enforce_security_group_inbound_rules_on_private_link_traffic": "",
            "health_check_logs": [
              {
                "bucket": "",
                "enabled": false,
                "prefix": ""
              }
            ],
            "id": "arn:aws:elasticloadbalancing:us-east-1:917714657832:loadbalancer/app/CPU-stress-lb/b5af8f13387de8a4",
            "idle_timeout": 60,
            "internal": false,
            "ip_address_type": "ipv4",
            "ipam_pools": [],
            "load_balancer_type": "application",
            "minimum_load_balancer_capacity": [],
            "name": "CPU-stress-lb",
            "name_prefix": "",
            "preserve_host_header": false,
            "region": "us-east-1",
            "secondary_ips_auto_assigned_per_subnet": null,
            "security_groups": [
              "sg-00e0120a19538943b"
            ],
            "subnet_mapping": [
              {
                "allocation_id": "",
                "ipv6_address": "",
                "outpost_id": "",
                "private_ipv4_address": "",
                "subnet_id": "subnet-020cddbfe3bd72750"
              },
              {
                "allocation_id": "",
                "ipv6_address": "",
                "outpost_id": "",
                "private_ipv4_address": "",
                "subnet_id": "subnet-0fe2f84012d7f07e7"
              }
            ],
            "subnets": [
              "subnet-020cddbfe3bd72750",
              "subnet-0fe2f84012d7f07e7"
            ],
            "tags": {
              "Name": "CPU-stress-alb"
            },
            "tags_all": {
              "Name": "CPU-stress-alb"
            },
            "timeouts": null,
            "vpc_id": "vpc-07214bb42439411fc",
            "xff_header_processing_mode": "append",
            "zone_id": "Z35SXDOTRQ7X7K"
          },
          "sensitive_attributes": [],
          "identity_schema_version": 0,
          "identity": {
            "arn": "arn:aws:elasticloadbalancing:us-east-1:917714657832:loadbalancer/app/CPU-stress-lb/b5af8f13387de8a4"
          },
          "private": "eyJlMmJmYjczMC1lY2FhLTExZTYtOGY4OC0zNDM2M2JjN2M0YzAiOnsiY3JlYXRlIjo2MDAwMDAwMDAwMDAsImRlbGV0ZSI6NjAwMDAwMDAwMDAwLCJ1cGRhdGUiOjYwMDAwMDAwMDAwMH19",
          "dependencies": [
            "module.my_infrastructure.aws_security_group.CPU_stress_sg",
            "module.my_infrastructure.aws_subnet.CPU_stress_Subnet",
            "module.my_infrastructure.aws_subnet.CPU_stress_Subnet_2",
            "module.my_infrastructure.aws_vpc.CPU_stress_vpc"
          ]
        }
      ]
    },
    {
      "module": "module.my_infrastructure",
      "mode": "managed",
      "type": "aws_lb_listener",
      "name": "nlb_listener",
      "provider": "provider[\"registry.terraform.io/hashicorp/aws\"]",
      "instances": [
        {
          "schema_version": 0,
          "attributes": {
            "alpn_policy": null,
            "arn": "arn:aws:elasticloadbalancing:us-east-1:917714657832:listener/app/CPU-stress-lb/b5af8f13387de8a4/69dafb16253d0a67",
            "certificate_arn": null,
            "default_action": [
              {
                "authenticate_cognito": [],
                "authenticate_oidc": [],
                "fixed_response": [],
                "forward": [],
                "jwt_validation": [],
                "order": 1,
                "redirect": [],
                "target_group_arn": "arn:aws:elasticloadbalancing:us-east-1:917714657832:targetgroup/CPU-stress-tg/141ab9869fdcf302",
                "type": "forward"
              }
            ],
            "id": "arn:aws:elasticloadbalancing:us-east-1:917714657832:listener/app/CPU-stress-lb/b5af8f13387de8a4/69dafb16253d0a67",
            "load_balancer_arn": "arn:aws:elasticloadbalancing:us-east-1:917714657832:loadbalancer/app/CPU-stress-lb/b5af8f13387de8a4",
            "mutual_authentication": [],
            "port": 80,
            "protocol": "HTTP",
            "region": "us-east-1",
            "routing_http_request_x_amzn_mtls_clientcert_header_name": null,
            "routing_http_request_x_amzn_mtls_clientcert_issuer_header_name": null,
            "routing_http_request_x_amzn_mtls_clientcert_leaf_header_name": null,
            "routing_http_request_x_amzn_mtls_clientcert_serial_number_header_name": null,
            "routing_http_request_x_amzn_mtls_clientcert_subject_header_name": null,
            "routing_http_request_x_amzn_mtls_clientcert_validity_header_name": null,
            "routing_http_request_x_amzn_tls_cipher_suite_header_name": null,
            "routing_http_request_x_amzn_tls_version_header_name": null,
            "routing_http_response_access_control_allow_credentials_header_value": "",
            "routing_http_response_access_control_allow_headers_header_value": "",
            "routing_http_response_access_control_allow_methods_header_value": "",
            "routing_http_response_access_control_allow_origin_header_value": "",
            "routing_http_response_access_control_expose_headers_header_value": "",
            "routing_http_response_access_control_max_age_header_value": "",
            "routing_http_response_content_security_policy_header_value": "",
            "routing_http_response_server_enabled": true,
            "routing_http_response_strict_transport_security_header_value": "",
            "routing_http_response_x_content_type_options_header_value": "",
            "routing_http_response_x_frame_options_header_value": "",
            "ssl_policy": "",
            "tags": null,
            "tags_all": {},
            "tcp_idle_timeout_seconds": null,
            "timeouts": null
          },
          "sensitive_attributes": [],
          "identity_schema_version": 0,
          "identity": {
            "arn": "arn:aws:elasticloadbalancing:us-east-1:917714657832:listener/app/CPU-stress-lb/b5af8f13387de8a4/69dafb16253d0a67"
          },
          "private": "eyJlMmJmYjczMC1lY2FhLTExZTYtOGY4OC0zNDM2M2JjN2M0YzAiOnsiY3JlYXRlIjozMDAwMDAwMDAwMDAsInVwZGF0ZSI6MzAwMDAwMDAwMDAwfX0=",
          "dependencies": [
            "module.my_infrastructure.aws_lb.CPU_stress_lb",
            "module.my_infrastructure.aws_lb_target_group.CPU_stress_tg",
            "module.my_infrastructure.aws_security_group.CPU_stress_sg",
            "module.my_infrastructure.aws_subnet.CPU_stress_Subnet",
            "module.my_infrastructure.aws_subnet.CPU_stress_Subnet_2",
            "module.my_infrastructure.aws_vpc.CPU_stress_vpc"
          ]
        }
      ]
    },
    {
      "module": "module.my_infrastructure",
      "mode": "managed",
      "type": "aws_lb_target_group",
      "name": "CPU_stress_tg",
      "provider": "provider[\"registry.terraform.io/hashicorp/aws\"]",
      "instances": [
        {
          "schema_version": 0,
          "attributes": {
            "arn": "arn:aws:elasticloadbalancing:us-east-1:917714657832:targetgroup/CPU-stress-tg/141ab9869fdcf302",
            "arn_suffix": "targetgroup/CPU-stress-tg/141ab9869fdcf302",
            "connection_termination": null,
            "deregistration_delay": "300",
            "health_check": [
              {
                "enabled": true,
                "healthy_threshold": 3,
                "interval": 30,
                "matcher": "200",
                "path": "/",
                "port": "traffic-port",
                "protocol": "HTTP",
                "timeout": 5,
                "unhealthy_threshold": 3
              }
            ],
            "id": "arn:aws:elasticloadbalancing:us-east-1:917714657832:targetgroup/CPU-stress-tg/141ab9869fdcf302",
            "ip_address_type": "ipv4",
            "lambda_multi_value_headers_enabled": false,
            "load_balancer_arns": [],
            "load_balancing_algorithm_type": "round_robin",
            "load_balancing_anomaly_mitigation": "off",
            "load_balancing_cross_zone_enabled": "use_load_balancer_configuration",
            "name": "CPU-stress-tg",
            "name_prefix": "",
            "port": 80,
            "preserve_client_ip": null,
            "protocol": "HTTP",
            "protocol_version": "HTTP1",
            "proxy_protocol_v2": false,
            "region": "us-east-1",
            "slow_start": 0,
            "stickiness": [
              {
                "cookie_duration": 86400,
                "cookie_name": "",
                "enabled": false,
                "type": "lb_cookie"
              }
            ],
            "tags": null,
            "tags_all": {},
            "target_control_port": 0,
            "target_failover": [
              {
                "on_deregistration": null,
                "on_unhealthy": null
              }
            ],
            "target_group_health": [
              {
                "dns_failover": [
                  {
                    "minimum_healthy_targets_count": "1",
                    "minimum_healthy_targets_percentage": "off"
                  }
                ],
                "unhealthy_state_routing": [
                  {
                    "minimum_healthy_targets_count": 1,
                    "minimum_healthy_targets_percentage": "off"
                  }
                ]
              }
            ],
            "target_health_state": [
              {
                "enable_unhealthy_connection_termination": null,
                "unhealthy_draining_interval": null
              }
            ],
            "target_type": "instance",
            "vpc_id": "vpc-07214bb42439411fc"
          },
          "sensitive_attributes": [],
          "identity_schema_version": 0,
          "identity": {
            "arn": "arn:aws:elasticloadbalancing:us-east-1:917714657832:targetgroup/CPU-stress-tg/141ab9869fdcf302"
          },
          "private": "bnVsbA==",
          "dependencies": [
            "module.my_infrastructure.aws_vpc.CPU_stress_vpc"
          ]
        }
      ]
    },
    {
      "module": "module.my_infrastructure",
      "mode": "managed",
      "type": "aws_route_table",
      "name": "rt_Public",
      "provider": "provider[\"registry.terraform.io/hashicorp/aws\"]",
      "instances": [
        {
          "schema_version": 0,
          "attributes": {
            "arn": "arn:aws:ec2:us-east-1:917714657832:route-table/rtb-06f4b15937d45356c",
            "id": "rtb-06f4b15937d45356c",
            "owner_id": "917714657832",
            "propagating_vgws": [],
            "region": "us-east-1",
            "route": [
              {
                "carrier_gateway_id": "",
                "cidr_block": "0.0.0.0/0",
                "core_network_arn": "",
                "destination_prefix_list_id": "",
                "egress_only_gateway_id": "",
                "gateway_id": "igw-0e89ff692b90d9404",
                "ipv6_cidr_block": "",
                "local_gateway_id": "",
                "nat_gateway_id": "",
                "network_interface_id": "",
                "transit_gateway_id": "",
                "vpc_endpoint_id": "",
                "vpc_peering_connection_id": ""
              }
            ],
            "tags": {
              "Name": "CPU-stress-rt"
            },
            "tags_all": {
              "Name": "CPU-stress-rt"
            },
            "timeouts": null,
            "vpc_id": "vpc-07214bb42439411fc"
          },
          "sensitive_attributes": [],
          "identity_schema_version": 0,
          "identity": {
            "account_id": "917714657832",
            "id": "rtb-06f4b15937d45356c",
            "region": "us-east-1"
          },
          "private": "eyJlMmJmYjczMC1lY2FhLTExZTYtOGY4OC0zNDM2M2JjN2M0YzAiOnsiY3JlYXRlIjozMDAwMDAwMDAwMDAsImRlbGV0ZSI6MzAwMDAwMDAwMDAwLCJ1cGRhdGUiOjEyMDAwMDAwMDAwMH19",
          "dependencies": [
            "module.my_infrastructure.aws_internet_gateway.gw",
            "module.my_infrastructure.aws_vpc.CPU_stress_vpc"
          ]
        }
      ]
    },
    {
      "module": "module.my_infrastructure",
      "mode": "managed",
      "type": "aws_route_table_association",
      "name": "con_Public_rt_1",
      "provider": "provider[\"registry.terraform.io/hashicorp/aws\"]",
      "instances": [
        {
          "schema_version": 0,
          "attributes": {
            "gateway_id": "",
            "id": "rtbassoc-0d06fb17e167b39ec",
            "region": "us-east-1",
            "route_table_id": "rtb-06f4b15937d45356c",
            "subnet_id": "subnet-0fe2f84012d7f07e7",
            "timeouts": null
          },
          "sensitive_attributes": [],
          "identity_schema_version": 0,
          "identity": {
            "account_id": "917714657832",
            "id": "rtbassoc-0d06fb17e167b39ec",
            "region": "us-east-1"
          },
          "private": "eyJlMmJmYjczMC1lY2FhLTExZTYtOGY4OC0zNDM2M2JjN2M0YzAiOnsiY3JlYXRlIjozMDAwMDAwMDAwMDAsImRlbGV0ZSI6MzAwMDAwMDAwMDAwLCJ1cGRhdGUiOjEyMDAwMDAwMDAwMH19",
          "dependencies": [
            "module.my_infrastructure.aws_internet_gateway.gw",
            "module.my_infrastructure.aws_route_table.rt_Public",
            "module.my_infrastructure.aws_subnet.CPU_stress_Subnet",
            "module.my_infrastructure.aws_vpc.CPU_stress_vpc"
          ]
        }
      ]
    },
    {
      "module": "module.my_infrastructure",
      "mode": "managed",
      "type": "aws_route_table_association",
      "name": "con_Public_rt_2",
      "provider": "provider[\"registry.terraform.io/hashicorp/aws\"]",
      "instances": [
        {
          "schema_version": 0,
          "attributes": {
            "gateway_id": "",
            "id": "rtbassoc-0e06b4c2bd766f532",
            "region": "us-east-1",
            "route_table_id": "rtb-06f4b15937d45356c",
            "subnet_id": "subnet-020cddbfe3bd72750",
            "timeouts": null
          },
          "sensitive_attributes": [],
          "identity_schema_version": 0,
          "identity": {
            "account_id": "917714657832",
            "id": "rtbassoc-0e06b4c2bd766f532",
            "region": "us-east-1"
          },
          "private": "eyJlMmJmYjczMC1lY2FhLTExZTYtOGY4OC0zNDM2M2JjN2M0YzAiOnsiY3JlYXRlIjozMDAwMDAwMDAwMDAsImRlbGV0ZSI6MzAwMDAwMDAwMDAwLCJ1cGRhdGUiOjEyMDAwMDAwMDAwMH19",
          "dependencies": [
            "module.my_infrastructure.aws_internet_gateway.gw",
            "module.my_infrastructure.aws_route_table.rt_Public",
            "module.my_infrastructure.aws_subnet.CPU_stress_Subnet_2",
            "module.my_infrastructure.aws_vpc.CPU_stress_vpc"
          ]
        }
      ]
    },
    {
      "module": "module.my_infrastructure",
      "mode": "managed",
      "type": "aws_security_group",
      "name": "CPU_stress_sg",
      "provider": "provider[\"registry.terraform.io/hashicorp/aws\"]",
      "instances": [
        {
          "schema_version": 1,
          "attributes": {
            "arn": "arn:aws:ec2:us-east-1:917714657832:security-group/sg-00e0120a19538943b",
            "description": "Managed by Terraform",
            "egress": [
              {
                "cidr_blocks": [
                  "0.0.0.0/0"
                ],
                "description": "",
                "from_port": 0,
                "ipv6_cidr_blocks": [],
                "prefix_list_ids": [],
                "protocol": "-1",
                "security_groups": [],
                "self": false,
                "to_port": 0
              }
            ],
            "id": "sg-00e0120a19538943b",
            "ingress": [
              {
                "cidr_blocks": [
                  "0.0.0.0/0"
                ],
                "description": "",
                "from_port": 22,
                "ipv6_cidr_blocks": [],
                "prefix_list_ids": [],
                "protocol": "tcp",
                "security_groups": [],
                "self": false,
                "to_port": 22
              },
              {
                "cidr_blocks": [
                  "0.0.0.0/0"
                ],
                "description": "",
                "from_port": 80,
                "ipv6_cidr_blocks": [],
                "prefix_list_ids": [],
                "protocol": "tcp",
                "security_groups": [],
                "self": false,
                "to_port": 80
              }
            ],
            "name": "CPU_stress_sg",
            "name_prefix": "",
            "owner_id": "917714657832",
            "region": "us-east-1",
            "revoke_rules_on_delete": false,
            "tags": null,
            "tags_all": {},
            "timeouts": null,
            "vpc_id": "vpc-07214bb42439411fc"
          },
          "sensitive_attributes": [],
          "identity_schema_version": 0,
          "identity": {
            "account_id": "917714657832",
            "id": "sg-00e0120a19538943b",
            "region": "us-east-1"
          },
          "private": "eyJlMmJmYjczMC1lY2FhLTExZTYtOGY4OC0zNDM2M2JjN2M0YzAiOnsiY3JlYXRlIjo2MDAwMDAwMDAwMDAsImRlbGV0ZSI6OTAwMDAwMDAwMDAwfSwic2NoZW1hX3ZlcnNpb24iOiIxIn0=",
          "dependencies": [
            "module.my_infrastructure.aws_vpc.CPU_stress_vpc"
          ]
        }
      ]
    },
    {
      "module": "module.my_infrastructure",
      "mode": "managed",
      "type": "aws_subnet",
      "name": "CPU_stress_Subnet",
      "provider": "provider[\"registry.terraform.io/hashicorp/aws\"]",
      "instances": [
        {
          "schema_version": 1,
          "attributes": {
            "arn": "arn:aws:ec2:us-east-1:917714657832:subnet/subnet-0fe2f84012d7f07e7",
            "assign_ipv6_address_on_creation": false,
            "availability_zone": "us-east-1a",
            "availability_zone_id": "use1-az1",
            "cidr_block": "10.0.1.0/24",
            "customer_owned_ipv4_pool": "",
            "enable_dns64": false,
            "enable_lni_at_device_index": 0,
            "enable_resource_name_dns_a_record_on_launch": false,
            "enable_resource_name_dns_aaaa_record_on_launch": false,
            "id": "subnet-0fe2f84012d7f07e7",
            "ipv4_ipam_pool_id": null,
            "ipv4_netmask_length": null,
            "ipv6_cidr_block": "",
            "ipv6_cidr_block_association_id": "",
            "ipv6_ipam_pool_id": null,
            "ipv6_native": false,
            "ipv6_netmask_length": null,
            "map_customer_owned_ip_on_launch": false,
            "map_public_ip_on_launch": true,
            "outpost_arn": "",
            "owner_id": "917714657832",
            "private_dns_hostname_type_on_launch": "ip-name",
            "region": "us-east-1",
            "tags": {
              "Name": "CPU-stress-Subnet-1"
            },
            "tags_all": {
              "Name": "CPU-stress-Subnet-1"
            },
            "timeouts": null,
            "vpc_id": "vpc-07214bb42439411fc"
          },
          "sensitive_attributes": [],
          "identity_schema_version": 0,
          "identity": {
            "account_id": "917714657832",
            "id": "subnet-0fe2f84012d7f07e7",
            "region": "us-east-1"
          },
          "private": "eyJlMmJmYjczMC1lY2FhLTExZTYtOGY4OC0zNDM2M2JjN2M0YzAiOnsiY3JlYXRlIjo2MDAwMDAwMDAwMDAsImRlbGV0ZSI6MTIwMDAwMDAwMDAwMH0sInNjaGVtYV92ZXJzaW9uIjoiMSJ9",
          "dependencies": [
            "module.my_infrastructure.aws_vpc.CPU_stress_vpc"
          ]
        }
      ]
    },
    {
      "module": "module.my_infrastructure",
      "mode": "managed",
      "type": "aws_subnet",
      "name": "CPU_stress_Subnet_2",
      "provider": "provider[\"registry.terraform.io/hashicorp/aws\"]",
      "instances": [
        {
          "schema_version": 1,
          "attributes": {
            "arn": "arn:aws:ec2:us-east-1:917714657832:subnet/subnet-020cddbfe3bd72750",
            "assign_ipv6_address_on_creation": false,
            "availability_zone": "us-east-1b",
            "availability_zone_id": "use1-az2",
            "cidr_block": "10.0.2.0/24",
            "customer_owned_ipv4_pool": "",
            "enable_dns64": false,
            "enable_lni_at_device_index": 0,
            "enable_resource_name_dns_a_record_on_launch": false,
            "enable_resource_name_dns_aaaa_record_on_launch": false,
            "id": "subnet-020cddbfe3bd72750",
            "ipv4_ipam_pool_id": null,
            "ipv4_netmask_length": null,
            "ipv6_cidr_block": "",
            "ipv6_cidr_block_association_id": "",
            "ipv6_ipam_pool_id": null,
            "ipv6_native": false,
            "ipv6_netmask_length": null,
            "map_customer_owned_ip_on_launch": false,
            "map_public_ip_on_launch": true,
            "outpost_arn": "",
            "owner_id": "917714657832",
            "private_dns_hostname_type_on_launch": "ip-name",
            "region": "us-east-1",
            "tags": {
              "Name": "CPU-stress-Subnet-2"
            },
            "tags_all": {
              "Name": "CPU-stress-Subnet-2"
            },
            "timeouts": null,
            "vpc_id": "vpc-07214bb42439411fc"
          },
          "sensitive_attributes": [],
          "identity_schema_version": 0,
          "identity": {
            "account_id": "917714657832",
            "id": "subnet-020cddbfe3bd72750",
            "region": "us-east-1"
          },
          "private": "eyJlMmJmYjczMC1lY2FhLTExZTYtOGY4OC0zNDM2M2JjN2M0YzAiOnsiY3JlYXRlIjo2MDAwMDAwMDAwMDAsImRlbGV0ZSI6MTIwMDAwMDAwMDAwMH0sInNjaGVtYV92ZXJzaW9uIjoiMSJ9",
          "dependencies": [
            "module.my_infrastructure.aws_vpc.CPU_stress_vpc"
          ]
        }
      ]
    },
    {
      "module": "module.my_infrastructure",
      "mode": "managed",
      "type": "aws_vpc",
      "name": "CPU_stress_vpc",
      "provider": "provider[\"registry.terraform.io/hashicorp/aws\"]",
      "instances": [
        {
          "schema_version": 1,
          "attributes": {
            "arn": "arn:aws:ec2:us-east-1:917714657832:vpc/vpc-07214bb42439411fc",
            "assign_generated_ipv6_cidr_block": false,
            "cidr_block": "10.0.0.0/16",
            "default_network_acl_id": "acl-009f03f1e40b9b348",
            "default_route_table_id": "rtb-0d92fd2977f4cd813",
            "default_security_group_id": "sg-0c1e059196204b5eb",
            "dhcp_options_id": "dopt-0dbaca2bf127159cd",
            "enable_dns_hostnames": false,
            "enable_dns_support": true,
            "enable_network_address_usage_metrics": false,
            "id": "vpc-07214bb42439411fc",
            "instance_tenancy": "default",
            "ipv4_ipam_pool_id": null,
            "ipv4_netmask_length": null,
            "ipv6_association_id": "",
            "ipv6_cidr_block": "",
            "ipv6_cidr_block_network_border_group": "",
            "ipv6_ipam_pool_id": "",
            "ipv6_netmask_length": 0,
            "main_route_table_id": "rtb-0d92fd2977f4cd813",
            "owner_id": "917714657832",
            "region": "us-east-1",
            "tags": {
              "Name": "CPU_stress_vpc"
            },
            "tags_all": {
              "Name": "CPU_stress_vpc"
            }
          },
          "sensitive_attributes": [],
          "identity_schema_version": 0,
          "identity": {
            "account_id": "917714657832",
            "id": "vpc-07214bb42439411fc",
            "region": "us-east-1"
          },
          "private": "eyJzY2hlbWFfdmVyc2lvbiI6IjEifQ=="
        }
      ]
    },
    {
      "module": "module.my_infrastructure",
      "mode": "managed",
      "type": "local_file",
      "name": "save_key",
      "provider": "provider[\"registry.terraform.io/hashicorp/local\"]",
      "instances": [
        {
          "schema_version": 0,
          "attributes": {
            "content": "-----BEGIN RSA PRIVATE KEY-----\nMIIJKAIBAAKCAgEAvhfYq8qf5oDJ3QINq492cthQMHjGGcgR/SEvcPeggrRkxkEI\nAU68sckvWZNDsZpF6Ezj/YWbyXcn1gKFZCcUuhcO3vdRk7Dk/omXpWkcaH1ad04h\nvI5ifNNTMXj3FBZ6yZF+08tn6AY7Q3eWHrp3LE7DlLfZKv2dVfvUPAFeAaZj4iQT\n2AEdeIvxiRE47AM7Q7IhSaA4we8EauYrvvSQklKX+2javf4pXvj7kqknTb1XxMg4\n4pBk2Lqn0uTqp6E9H1WkWseS+UfSV0lyN5oZFiWKijxYL+lPf0/nNDhssQ9dmqtL\n5z3t2Xs3zZRhVie4MLnpINwbOiurqvZcsMy8o3KowYj/8e9tuLH95Xa2vZPFmuTl\nqcx9fOBXoRFQO9+2RPfcwk1TaCngpxPnCHlcweTuNPp8UVq2LizX+UZrUsTX0y4L\nnk92xJ4NbhMfJSdGgCDE1r5ZTmPxJSflDGG5C3U29mjenAevum/TYV9BoBzV/R1m\nSffXGlMgK9ofFFyBMEDtaWCvaGlWTlGfVDxh/XQD8zP9k8wLEnu0F87NBiUX3F8v\nlJkywpnnVeX9zvpnZbQAnpft68yvbkJUbgu7t7MzUFYFDvVMu2F45rtR22oGhKcs\nl52NBaaF5k4LAPalHPCdHSC2VxIoVpVk0lTMZaU8mSMBN7RtQvy+iFuUCJECAwEA\nAQKCAgAGbdcJpF45FQT+wQmGUmFOrAs2QHduusoE9iDdILrggMphvCRRqwCNwMCl\ntmnVMWMI4sTZN7IXo7yIq+goBXxZeNsrZlDvfk2YYD3tPbtUu1yaaV2Ru30QPLN1\nGmK83q/DbnTMI/Z9LezGMN62ZlcOfBF4T6l8Hzy5gj1g1CkCREbfiJnVNeBxycXe\n/WKf9NIFzZn7m/wfbv6GwQccu7fCAyIZwieXwmdSy3fys17dbbhwstbdrsWCYPm5\nE73t8nGXRDW9Tj+lx6yRAC5pPAB6M8XWPAk9gZYLN8AZj4j5igv/5ag5B2qqbtTp\n0oliORCtMTR1xIv1MTHqo89puVrt20+K2X+lw+vy6ApuikG7SvqT7Axd79Rcym+z\nbDP6qFFpg4kqI7vpU1Qyd5sUNNtAoNPIVdU1RFcyuIkD5/OBuDKzOKymSQcRE5PM\nkShFmY+mZs49DRyJ4XeXy9a5GMHd7Ze0KZgQubvRZgWvZRHI6m8y7VwBFMqlBAtn\nFH/AbtBrP0HUwpaZoQaPGsNmmb5SnBKgTfKuJkTSFLMp1g35zQUvvzoT161nYS5g\nWqGu5ZYsOgasM9VMx0hQmG8XsvNljqstRwtmkAMx6CXN5M6XKVOeo9m8YRAsFPlR\nc2i06z1nk+EOmY4UVviSL9f8+PHKDXMoCHPPC3gtgpBkUwazMwKCAQEA4Velfs8f\nBlUl5jUj55NWu6wBD4yK9vODpANmW8hLdtaCiIl1dn1BHmZCAd84i3uKsZULkeUd\n3KzjfufXsoDpYlNKwGoXYa+pg4TLs/eszFtu8IDyEkBMClHbTB55/2djlXOsgDyZ\nZ/B56KVSQ/V8rZrS8GrF8uwLr/+XRjWe0sxuA+DaLdv2mw/5C4FG87tfDXDyTd5F\nYh23oslR0Lbx0h8CZW4oBIFdKixu90LtAhM3R690gMIbZjzwonrQw/wHpJ/N53lH\noug3kY1NxKY6JCScJzH5N8oYKzFoC7wNbMK0U1pHOz+lqfpmk49GgMtjyUURWR4E\ndi0/qNC1fo62HwKCAQEA1/SFFHhm2s6syL4BaEy+e3xrnq85uOs1YBORK4XgUjqA\njLLpaFt8xh6KSIo7ALXn5wPKV0LRmkeJqAU3WlmsdxXlTXrXEEVVH9xpNJyrmPgf\nZlwMensu0OBXQ5sJaApQkA3tpk+fqnu6gwMpS435QKwjH6aEN06FzwaUPh3nHzwO\nj9oG+omASUH8pnENcLzA44PjNR/QldHTe2TK0XfdWQmCjdfwKSLscW7XzSx4mvDu\n0Z6xzJ4HMbY+efH4DmSswflxMnd/FpfOGF7b8G91n+FVpf3xDyHoU0OU3soIn4C4\nCzL1AoxcZSEKlNeWsVMRig4ctcBgxlaJkM61xHmLTwKCAQAXm6kY+fYUIcOQtKyI\nTGVf0AtkZ6L/cE+wVTLaFsfhMWQHje8idMjnuGrd61bvNgg3xpept0lDn1FOMFfm\nuZ650GQaeILulwq5XqZAuof9+O5MgBXcV6QfyKei9+ZsHZbPR4kg/jhMLWN4Pim6\nOPPQ9FF5IpaOdrBaxfpBPsje6M/11A7Hky3o3OmIjQiz7ENvExAvnEPEnbxpb5IE\nvcXj75++pKXIowzxqCoP+ZD/EKhP+E/KVYutUGEdhKRug+8BDkTyJUCeDpoTw6wM\nGCYrNzKs4I1tjNyvWcO+xvrZFCT0PpcL3AUtI7CvcOlAAQ75PSUuIvjwsJjkxMje\n83CdAoIBAGbNciSihGQZCsutF8Js9iiWvCyYQaQz4/7OkcbkPjsmuldAPDh/hNBT\nbYTGuPvHnJOujD4qAtmswG0JvqX2FlHCTJwrpAGM388A/9wZ0N5LD7eMjiwoQ8sP\nYLtALKQodN1+o+kN8nYX3FvNv3TGKyeMSlQg0sP5T12URjGjzohh8JSuN7BAkJ9P\nGFSrcLiAQlqMSDbb5FHNxxzwiFRa+TYPfuTDLQKIK4J8P6LeTrODikyjfQRpHgee\nN/OZKnq/ljXo5ugdVpSMw4F6drzoclgfzsPsNTr86znn7BB6oMw9XF+IbHZAFyPV\nLNJaJtRXNPxBZ41l/SutumMC5CiZq6UCggEBAI0VR7Y0WR8tq/bUQU4ZNygDOAf4\nnKDRncIBbLCuF4HIJtvd76dQsp4woRFAgxF1DYdQnArWWqvbgYDmkUddsLCJwtPi\nZPtIzT+pONiSgBnPMExeZ+VAmPMZmfcasiw4nAs3kEtBiQO7HQjT8kceQx6zWyGH\nMSaNci/wLZNQvU19h6QMYy4AfbK5OZ+hdimjctfHF2YCSO/6J3h/5T7Vn1hjQ57u\nbkYVoR+tJcYXAEy4WrV4ISsttzcDvsf5i9xA5HQgEzgmc64LweCFjTeUUY1R7dgx\nfPB62X18YeIh821yYe3tisTaGQiAnIlIDDYOHwmLxc1G6hNbWMYZtpIHqkc=\n-----END RSA PRIVATE KEY-----\n",
            "content_base64": null,
            "content_base64sha256": "MEKrFc3Bqc8tbp2tKMQyxaY0dA2MvbtiT3IaiPFoGnc=",
            "content_base64sha512": "TE1gJR942zeGQZFRwrWRubzJxdMdk73lWSsc+CJ33vEpEwzgUWtoWWyGSUkFoj3GFDq1Nw98NwNytZOZd3a0hQ==",
            "content_md5": "3b74e44d626a759b52292b757ba4877a",
            "content_sha1": "ca2db7b82194679e5542107f870b13186da84667",
            "content_sha256": "3042ab15cdc1a9cf2d6e9dad28c432c5a634740d8cbdbb624f721a88f1681a77",
            "content_sha512": "4c4d60251f78db3786419151c2b591b9bcc9c5d31d93bde5592b1cf82277def129130ce0516b68596c86494905a23dc6143ab5370f7c370372b593997776b485",
            "directory_permission": "0777",
            "file_permission": "0777",
            "filename": "mode/CPU-sterss-key.pem",
            "id": "ca2db7b82194679e5542107f870b13186da84667",
            "sensitive_content": null,
            "source": null
          },
          "sensitive_attributes": [
            [
              {
                "type": "get_attr",
                "value": "content"
              }
            ],
            [
              {
                "type": "get_attr",
                "value": "sensitive_content"
              }
            ]
          ],
          "identity_schema_version": 0,
          "dependencies": [
            "module.my_infrastructure.tls_private_key.dolev_key_pair"
          ]
        }
      ]
    },
    {
      "module": "module.my_infrastructure",
      "mode": "managed",
      "type": "tls_private_key",
      "name": "dolev_key_pair",
      "provider": "provider[\"registry.terraform.io/hashicorp/tls\"]",
      "instances": [
        {
          "schema_version": 1,
          "attributes": {
            "algorithm": "RSA",
            "ecdsa_curve": "P224",
            "id": "9e3030010535f5ad2b898d8071d6180585a34f12",
            "private_key_openssh": "-----BEGIN OPENSSH PRIVATE KEY-----\nb3BlbnNzaC1rZXktdjEAAAAABG5vbmUAAAAEbm9uZQAAAAAAAAABAAACFwAAAAdz\nc2gtcnNhAAAAAwEAAQAAAgEAvhfYq8qf5oDJ3QINq492cthQMHjGGcgR/SEvcPeg\ngrRkxkEIAU68sckvWZNDsZpF6Ezj/YWbyXcn1gKFZCcUuhcO3vdRk7Dk/omXpWkc\naH1ad04hvI5ifNNTMXj3FBZ6yZF+08tn6AY7Q3eWHrp3LE7DlLfZKv2dVfvUPAFe\nAaZj4iQT2AEdeIvxiRE47AM7Q7IhSaA4we8EauYrvvSQklKX+2javf4pXvj7kqkn\nTb1XxMg44pBk2Lqn0uTqp6E9H1WkWseS+UfSV0lyN5oZFiWKijxYL+lPf0/nNDhs\nsQ9dmqtL5z3t2Xs3zZRhVie4MLnpINwbOiurqvZcsMy8o3KowYj/8e9tuLH95Xa2\nvZPFmuTlqcx9fOBXoRFQO9+2RPfcwk1TaCngpxPnCHlcweTuNPp8UVq2LizX+UZr\nUsTX0y4Lnk92xJ4NbhMfJSdGgCDE1r5ZTmPxJSflDGG5C3U29mjenAevum/TYV9B\noBzV/R1mSffXGlMgK9ofFFyBMEDtaWCvaGlWTlGfVDxh/XQD8zP9k8wLEnu0F87N\nBiUX3F8vlJkywpnnVeX9zvpnZbQAnpft68yvbkJUbgu7t7MzUFYFDvVMu2F45rtR\n22oGhKcsl52NBaaF5k4LAPalHPCdHSC2VxIoVpVk0lTMZaU8mSMBN7RtQvy+iFuU\nCJEAAAc4YPYVqmD2FaoAAAAHc3NoLXJzYQAAAgEAvhfYq8qf5oDJ3QINq492cthQ\nMHjGGcgR/SEvcPeggrRkxkEIAU68sckvWZNDsZpF6Ezj/YWbyXcn1gKFZCcUuhcO\n3vdRk7Dk/omXpWkcaH1ad04hvI5ifNNTMXj3FBZ6yZF+08tn6AY7Q3eWHrp3LE7D\nlLfZKv2dVfvUPAFeAaZj4iQT2AEdeIvxiRE47AM7Q7IhSaA4we8EauYrvvSQklKX\n+2javf4pXvj7kqknTb1XxMg44pBk2Lqn0uTqp6E9H1WkWseS+UfSV0lyN5oZFiWK\nijxYL+lPf0/nNDhssQ9dmqtL5z3t2Xs3zZRhVie4MLnpINwbOiurqvZcsMy8o3Ko\nwYj/8e9tuLH95Xa2vZPFmuTlqcx9fOBXoRFQO9+2RPfcwk1TaCngpxPnCHlcweTu\nNPp8UVq2LizX+UZrUsTX0y4Lnk92xJ4NbhMfJSdGgCDE1r5ZTmPxJSflDGG5C3U2\n9mjenAevum/TYV9BoBzV/R1mSffXGlMgK9ofFFyBMEDtaWCvaGlWTlGfVDxh/XQD\n8zP9k8wLEnu0F87NBiUX3F8vlJkywpnnVeX9zvpnZbQAnpft68yvbkJUbgu7t7Mz\nUFYFDvVMu2F45rtR22oGhKcsl52NBaaF5k4LAPalHPCdHSC2VxIoVpVk0lTMZaU8\nmSMBN7RtQvy+iFuUCJEAAAADAQABAAACAAZt1wmkXjkVBP7BCYZSYU6sCzZAd266\nygT2IN0guuCAymG8JFGrAI3AwKW2adUxYwjixNk3shejvIir6CgFfFl42ytmUO9+\nTZhgPe09u1S7XJppXZG7fRA8s3UaYrzer8NudMwj9n0t7MYw3rZmVw58EXhPqXwf\nPLmCPWDUKQJERt+ImdU14HHJxd79Yp/00gXNmfub/B9u/obBBxy7t8IDIhnCJ5fC\nZ1LLd/KzXt1tuHCy1t2uxYJg+bkTve3ycZdENb1OP6XHrJEALmk8AHozxdY8CT2B\nlgs3wBmPiPmKC//lqDkHaqpu1OnSiWI5EK0xNHXEi/UxMeqjz2m5Wu3bT4rZf6XD\n6/LoCm6KQbtK+pPsDF3v1FzKb7NsM/qoUWmDiSoju+lTVDJ3mxQ020Cg08hV1TVE\nVzK4iQPn84G4MrM4rKZJBxETk8yRKEWZj6Zmzj0NHInhd5fL1rkYwd3tl7QpmBC5\nu9FmBa9lEcjqbzLtXAEUyqUEC2cUf8Bu0Gs/QdTClpmhBo8aw2aZvlKcEqBN8q4m\nRNIUsynWDfnNBS+/OhPXrWdhLmBaoa7lliw6Bqwz1UzHSFCYbxey82WOqy1HC2aQ\nAzHoJc3kzpcpU56j2bxhECwU+VFzaLTrPWeT4Q6ZjhRW+JIv1/z48coNcygIc88L\neC2CkGRTBrMzAAABAQCNFUe2NFkfLav21EFOGTcoAzgH+Jyg0Z3CAWywrheByCbb\n3e+nULKeMKERQIMRdQ2HUJwK1lqr24GA5pFHXbCwicLT4mT7SM0/qTjYkoAZzzBM\nXmflQJjzGZn3GrIsOJwLN5BLQYkDux0I0/JHHkMes1shhzEmjXIv8C2TUL1NfYek\nDGMuAH2yuTmfoXYpo3LXxxdmAkjv+id4f+U+1Z9YY0Oe7m5GFaEfrSXGFwBMuFq1\neCErLbc3A77H+YvcQOR0IBM4JnOuC8HghY03lFGNUe3YMXzwetl9fGHiIfNtcmHt\n7YrE2hkIgJyJSAw2Dh8Ji8XNRuoTW1jGGbaSB6pHAAABAQDhV6V+zx8GVSXmNSPn\nk1a7rAEPjIr284OkA2ZbyEt21oKIiXV2fUEeZkIB3ziLe4qxlQuR5R3crON+59ey\ngOliU0rAahdhr6mDhMuz96zMW27wgPISQEwKUdtMHnn/Z2OVc6yAPJln8HnopVJD\n9XytmtLwasXy7Auv/5dGNZ7SzG4D4Not2/abD/kLgUbzu18NcPJN3kViHbeiyVHQ\ntvHSHwJlbigEgV0qLG73Qu0CEzdHr3SAwhtmPPCietDD/Aekn83neUei6DeRjU3E\npjokJJwnMfk3yhgrMWgLvA1swrRTWkc7P6Wp+maTj0aAy2PJRRFZHgR2LT+o0LV+\njrYfAAABAQDX9IUUeGbazqzIvgFoTL57fGuerzm46zVgE5ErheBSOoCMsuloW3zG\nHopIijsAtefnA8pXQtGaR4moBTdaWax3FeVNetcQRVUf3Gk0nKuY+B9mXAx6ey7Q\n4FdDmwloClCQDe2mT5+qe7qDAylLjflArCMfpoQ3ToXPBpQ+HecfPA6P2gb6iYBJ\nQfymcQ1wvMDjg+M1H9CV0dN7ZMrRd91ZCYKN1/ApIuxxbtfNLHia8O7RnrHMngcx\ntj558fgOZKzB+XEyd38Wl84YXtvwb3Wf4VWl/fEPIehTQ5TeygifgLgLMvUCjFxl\nIQqU15axUxGKDhy1wGDGVomQzrXEeYtPAAAAAAEC\n-----END OPENSSH PRIVATE KEY-----\n",
            "private_key_pem": "-----BEGIN RSA PRIVATE KEY-----\nMIIJKAIBAAKCAgEAvhfYq8qf5oDJ3QINq492cthQMHjGGcgR/SEvcPeggrRkxkEI\nAU68sckvWZNDsZpF6Ezj/YWbyXcn1gKFZCcUuhcO3vdRk7Dk/omXpWkcaH1ad04h\nvI5ifNNTMXj3FBZ6yZF+08tn6AY7Q3eWHrp3LE7DlLfZKv2dVfvUPAFeAaZj4iQT\n2AEdeIvxiRE47AM7Q7IhSaA4we8EauYrvvSQklKX+2javf4pXvj7kqknTb1XxMg4\n4pBk2Lqn0uTqp6E9H1WkWseS+UfSV0lyN5oZFiWKijxYL+lPf0/nNDhssQ9dmqtL\n5z3t2Xs3zZRhVie4MLnpINwbOiurqvZcsMy8o3KowYj/8e9tuLH95Xa2vZPFmuTl\nqcx9fOBXoRFQO9+2RPfcwk1TaCngpxPnCHlcweTuNPp8UVq2LizX+UZrUsTX0y4L\nnk92xJ4NbhMfJSdGgCDE1r5ZTmPxJSflDGG5C3U29mjenAevum/TYV9BoBzV/R1m\nSffXGlMgK9ofFFyBMEDtaWCvaGlWTlGfVDxh/XQD8zP9k8wLEnu0F87NBiUX3F8v\nlJkywpnnVeX9zvpnZbQAnpft68yvbkJUbgu7t7MzUFYFDvVMu2F45rtR22oGhKcs\nl52NBaaF5k4LAPalHPCdHSC2VxIoVpVk0lTMZaU8mSMBN7RtQvy+iFuUCJECAwEA\nAQKCAgAGbdcJpF45FQT+wQmGUmFOrAs2QHduusoE9iDdILrggMphvCRRqwCNwMCl\ntmnVMWMI4sTZN7IXo7yIq+goBXxZeNsrZlDvfk2YYD3tPbtUu1yaaV2Ru30QPLN1\nGmK83q/DbnTMI/Z9LezGMN62ZlcOfBF4T6l8Hzy5gj1g1CkCREbfiJnVNeBxycXe\n/WKf9NIFzZn7m/wfbv6GwQccu7fCAyIZwieXwmdSy3fys17dbbhwstbdrsWCYPm5\nE73t8nGXRDW9Tj+lx6yRAC5pPAB6M8XWPAk9gZYLN8AZj4j5igv/5ag5B2qqbtTp\n0oliORCtMTR1xIv1MTHqo89puVrt20+K2X+lw+vy6ApuikG7SvqT7Axd79Rcym+z\nbDP6qFFpg4kqI7vpU1Qyd5sUNNtAoNPIVdU1RFcyuIkD5/OBuDKzOKymSQcRE5PM\nkShFmY+mZs49DRyJ4XeXy9a5GMHd7Ze0KZgQubvRZgWvZRHI6m8y7VwBFMqlBAtn\nFH/AbtBrP0HUwpaZoQaPGsNmmb5SnBKgTfKuJkTSFLMp1g35zQUvvzoT161nYS5g\nWqGu5ZYsOgasM9VMx0hQmG8XsvNljqstRwtmkAMx6CXN5M6XKVOeo9m8YRAsFPlR\nc2i06z1nk+EOmY4UVviSL9f8+PHKDXMoCHPPC3gtgpBkUwazMwKCAQEA4Velfs8f\nBlUl5jUj55NWu6wBD4yK9vODpANmW8hLdtaCiIl1dn1BHmZCAd84i3uKsZULkeUd\n3KzjfufXsoDpYlNKwGoXYa+pg4TLs/eszFtu8IDyEkBMClHbTB55/2djlXOsgDyZ\nZ/B56KVSQ/V8rZrS8GrF8uwLr/+XRjWe0sxuA+DaLdv2mw/5C4FG87tfDXDyTd5F\nYh23oslR0Lbx0h8CZW4oBIFdKixu90LtAhM3R690gMIbZjzwonrQw/wHpJ/N53lH\noug3kY1NxKY6JCScJzH5N8oYKzFoC7wNbMK0U1pHOz+lqfpmk49GgMtjyUURWR4E\ndi0/qNC1fo62HwKCAQEA1/SFFHhm2s6syL4BaEy+e3xrnq85uOs1YBORK4XgUjqA\njLLpaFt8xh6KSIo7ALXn5wPKV0LRmkeJqAU3WlmsdxXlTXrXEEVVH9xpNJyrmPgf\nZlwMensu0OBXQ5sJaApQkA3tpk+fqnu6gwMpS435QKwjH6aEN06FzwaUPh3nHzwO\nj9oG+omASUH8pnENcLzA44PjNR/QldHTe2TK0XfdWQmCjdfwKSLscW7XzSx4mvDu\n0Z6xzJ4HMbY+efH4DmSswflxMnd/FpfOGF7b8G91n+FVpf3xDyHoU0OU3soIn4C4\nCzL1AoxcZSEKlNeWsVMRig4ctcBgxlaJkM61xHmLTwKCAQAXm6kY+fYUIcOQtKyI\nTGVf0AtkZ6L/cE+wVTLaFsfhMWQHje8idMjnuGrd61bvNgg3xpept0lDn1FOMFfm\nuZ650GQaeILulwq5XqZAuof9+O5MgBXcV6QfyKei9+ZsHZbPR4kg/jhMLWN4Pim6\nOPPQ9FF5IpaOdrBaxfpBPsje6M/11A7Hky3o3OmIjQiz7ENvExAvnEPEnbxpb5IE\nvcXj75++pKXIowzxqCoP+ZD/EKhP+E/KVYutUGEdhKRug+8BDkTyJUCeDpoTw6wM\nGCYrNzKs4I1tjNyvWcO+xvrZFCT0PpcL3AUtI7CvcOlAAQ75PSUuIvjwsJjkxMje\n83CdAoIBAGbNciSihGQZCsutF8Js9iiWvCyYQaQz4/7OkcbkPjsmuldAPDh/hNBT\nbYTGuPvHnJOujD4qAtmswG0JvqX2FlHCTJwrpAGM388A/9wZ0N5LD7eMjiwoQ8sP\nYLtALKQodN1+o+kN8nYX3FvNv3TGKyeMSlQg0sP5T12URjGjzohh8JSuN7BAkJ9P\nGFSrcLiAQlqMSDbb5FHNxxzwiFRa+TYPfuTDLQKIK4J8P6LeTrODikyjfQRpHgee\nN/OZKnq/ljXo5ugdVpSMw4F6drzoclgfzsPsNTr86znn7BB6oMw9XF+IbHZAFyPV\nLNJaJtRXNPxBZ41l/SutumMC5CiZq6UCggEBAI0VR7Y0WR8tq/bUQU4ZNygDOAf4\nnKDRncIBbLCuF4HIJtvd76dQsp4woRFAgxF1DYdQnArWWqvbgYDmkUddsLCJwtPi\nZPtIzT+pONiSgBnPMExeZ+VAmPMZmfcasiw4nAs3kEtBiQO7HQjT8kceQx6zWyGH\nMSaNci/wLZNQvU19h6QMYy4AfbK5OZ+hdimjctfHF2YCSO/6J3h/5T7Vn1hjQ57u\nbkYVoR+tJcYXAEy4WrV4ISsttzcDvsf5i9xA5HQgEzgmc64LweCFjTeUUY1R7dgx\nfPB62X18YeIh821yYe3tisTaGQiAnIlIDDYOHwmLxc1G6hNbWMYZtpIHqkc=\n-----END RSA PRIVATE KEY-----\n",
            "private_key_pem_pkcs8": "-----BEGIN PRIVATE KEY-----\nMIIJQgIBADANBgkqhkiG9w0BAQEFAASCCSwwggkoAgEAAoICAQC+F9iryp/mgMnd\nAg2rj3Zy2FAweMYZyBH9IS9w96CCtGTGQQgBTryxyS9Zk0OxmkXoTOP9hZvJdyfW\nAoVkJxS6Fw7e91GTsOT+iZelaRxofVp3TiG8jmJ801MxePcUFnrJkX7Ty2foBjtD\nd5YeuncsTsOUt9kq/Z1V+9Q8AV4BpmPiJBPYAR14i/GJETjsAztDsiFJoDjB7wRq\n5iu+9JCSUpf7aNq9/ile+PuSqSdNvVfEyDjikGTYuqfS5OqnoT0fVaRax5L5R9JX\nSXI3mhkWJYqKPFgv6U9/T+c0OGyxD12aq0vnPe3ZezfNlGFWJ7gwuekg3Bs6K6uq\n9lywzLyjcqjBiP/x7224sf3ldra9k8Wa5OWpzH184FehEVA737ZE99zCTVNoKeCn\nE+cIeVzB5O40+nxRWrYuLNf5RmtSxNfTLgueT3bEng1uEx8lJ0aAIMTWvllOY/El\nJ+UMYbkLdTb2aN6cB6+6b9NhX0GgHNX9HWZJ99caUyAr2h8UXIEwQO1pYK9oaVZO\nUZ9UPGH9dAPzM/2TzAsSe7QXzs0GJRfcXy+UmTLCmedV5f3O+mdltACel+3rzK9u\nQlRuC7u3szNQVgUO9Uy7YXjmu1HbagaEpyyXnY0FpoXmTgsA9qUc8J0dILZXEihW\nlWTSVMxlpTyZIwE3tG1C/L6IW5QIkQIDAQABAoICAAZt1wmkXjkVBP7BCYZSYU6s\nCzZAd266ygT2IN0guuCAymG8JFGrAI3AwKW2adUxYwjixNk3shejvIir6CgFfFl4\n2ytmUO9+TZhgPe09u1S7XJppXZG7fRA8s3UaYrzer8NudMwj9n0t7MYw3rZmVw58\nEXhPqXwfPLmCPWDUKQJERt+ImdU14HHJxd79Yp/00gXNmfub/B9u/obBBxy7t8ID\nIhnCJ5fCZ1LLd/KzXt1tuHCy1t2uxYJg+bkTve3ycZdENb1OP6XHrJEALmk8AHoz\nxdY8CT2Blgs3wBmPiPmKC//lqDkHaqpu1OnSiWI5EK0xNHXEi/UxMeqjz2m5Wu3b\nT4rZf6XD6/LoCm6KQbtK+pPsDF3v1FzKb7NsM/qoUWmDiSoju+lTVDJ3mxQ020Cg\n08hV1TVEVzK4iQPn84G4MrM4rKZJBxETk8yRKEWZj6Zmzj0NHInhd5fL1rkYwd3t\nl7QpmBC5u9FmBa9lEcjqbzLtXAEUyqUEC2cUf8Bu0Gs/QdTClpmhBo8aw2aZvlKc\nEqBN8q4mRNIUsynWDfnNBS+/OhPXrWdhLmBaoa7lliw6Bqwz1UzHSFCYbxey82WO\nqy1HC2aQAzHoJc3kzpcpU56j2bxhECwU+VFzaLTrPWeT4Q6ZjhRW+JIv1/z48coN\ncygIc88LeC2CkGRTBrMzAoIBAQDhV6V+zx8GVSXmNSPnk1a7rAEPjIr284OkA2Zb\nyEt21oKIiXV2fUEeZkIB3ziLe4qxlQuR5R3crON+59eygOliU0rAahdhr6mDhMuz\n96zMW27wgPISQEwKUdtMHnn/Z2OVc6yAPJln8HnopVJD9XytmtLwasXy7Auv/5dG\nNZ7SzG4D4Not2/abD/kLgUbzu18NcPJN3kViHbeiyVHQtvHSHwJlbigEgV0qLG73\nQu0CEzdHr3SAwhtmPPCietDD/Aekn83neUei6DeRjU3EpjokJJwnMfk3yhgrMWgL\nvA1swrRTWkc7P6Wp+maTj0aAy2PJRRFZHgR2LT+o0LV+jrYfAoIBAQDX9IUUeGba\nzqzIvgFoTL57fGuerzm46zVgE5ErheBSOoCMsuloW3zGHopIijsAtefnA8pXQtGa\nR4moBTdaWax3FeVNetcQRVUf3Gk0nKuY+B9mXAx6ey7Q4FdDmwloClCQDe2mT5+q\ne7qDAylLjflArCMfpoQ3ToXPBpQ+HecfPA6P2gb6iYBJQfymcQ1wvMDjg+M1H9CV\n0dN7ZMrRd91ZCYKN1/ApIuxxbtfNLHia8O7RnrHMngcxtj558fgOZKzB+XEyd38W\nl84YXtvwb3Wf4VWl/fEPIehTQ5TeygifgLgLMvUCjFxlIQqU15axUxGKDhy1wGDG\nVomQzrXEeYtPAoIBABebqRj59hQhw5C0rIhMZV/QC2Rnov9wT7BVMtoWx+ExZAeN\n7yJ0yOe4at3rVu82CDfGl6m3SUOfUU4wV+a5nrnQZBp4gu6XCrlepkC6h/347kyA\nFdxXpB/Ip6L35mwdls9HiSD+OEwtY3g+Kbo489D0UXkilo52sFrF+kE+yN7oz/XU\nDseTLejc6YiNCLPsQ28TEC+cQ8SdvGlvkgS9xePvn76kpcijDPGoKg/5kP8QqE/4\nT8pVi61QYR2EpG6D7wEORPIlQJ4OmhPDrAwYJis3MqzgjW2M3K9Zw77G+tkUJPQ+\nlwvcBS0jsK9w6UABDvk9JS4i+PCwmOTEyN7zcJ0CggEAZs1yJKKEZBkKy60Xwmz2\nKJa8LJhBpDPj/s6RxuQ+Oya6V0A8OH+E0FNthMa4+8eck66MPioC2azAbQm+pfYW\nUcJMnCukAYzfzwD/3BnQ3ksPt4yOLChDyw9gu0AspCh03X6j6Q3ydhfcW82/dMYr\nJ4xKVCDSw/lPXZRGMaPOiGHwlK43sECQn08YVKtwuIBCWoxINtvkUc3HHPCIVFr5\nNg9+5MMtAogrgnw/ot5Os4OKTKN9BGkeB54385kqer+WNejm6B1WlIzDgXp2vOhy\nWB/Ow+w1OvzrOefsEHqgzD1cX4hsdkAXI9Us0lom1Fc0/EFnjWX9K626YwLkKJmr\npQKCAQEAjRVHtjRZHy2r9tRBThk3KAM4B/icoNGdwgFssK4Xgcgm293vp1CynjCh\nEUCDEXUNh1CcCtZaq9uBgOaRR12wsInC0+Jk+0jNP6k42JKAGc8wTF5n5UCY8xmZ\n9xqyLDicCzeQS0GJA7sdCNPyRx5DHrNbIYcxJo1yL/Atk1C9TX2HpAxjLgB9srk5\nn6F2KaNy18cXZgJI7/oneH/lPtWfWGNDnu5uRhWhH60lxhcATLhatXghKy23NwO+\nx/mL3EDkdCATOCZzrgvB4IWNN5RRjVHt2DF88HrZfXxh4iHzbXJh7e2KxNoZCICc\niUgMNg4fCYvFzUbqE1tYxhm2kgeqRw==\n-----END PRIVATE KEY-----\n",
            "public_key_fingerprint_md5": "d8:0c:6a:09:7b:29:48:35:79:04:7f:4b:92:b5:6c:93",
            "public_key_fingerprint_sha256": "SHA256:Ym91FXmTZeKKMhMcXALq6qtJEETc+eVPUHumxfc0NAQ",
            "public_key_openssh": "ssh-rsa AAAAB3NzaC1yc2EAAAADAQABAAACAQC+F9iryp/mgMndAg2rj3Zy2FAweMYZyBH9IS9w96CCtGTGQQgBTryxyS9Zk0OxmkXoTOP9hZvJdyfWAoVkJxS6Fw7e91GTsOT+iZelaRxofVp3TiG8jmJ801MxePcUFnrJkX7Ty2foBjtDd5YeuncsTsOUt9kq/Z1V+9Q8AV4BpmPiJBPYAR14i/GJETjsAztDsiFJoDjB7wRq5iu+9JCSUpf7aNq9/ile+PuSqSdNvVfEyDjikGTYuqfS5OqnoT0fVaRax5L5R9JXSXI3mhkWJYqKPFgv6U9/T+c0OGyxD12aq0vnPe3ZezfNlGFWJ7gwuekg3Bs6K6uq9lywzLyjcqjBiP/x7224sf3ldra9k8Wa5OWpzH184FehEVA737ZE99zCTVNoKeCnE+cIeVzB5O40+nxRWrYuLNf5RmtSxNfTLgueT3bEng1uEx8lJ0aAIMTWvllOY/ElJ+UMYbkLdTb2aN6cB6+6b9NhX0GgHNX9HWZJ99caUyAr2h8UXIEwQO1pYK9oaVZOUZ9UPGH9dAPzM/2TzAsSe7QXzs0GJRfcXy+UmTLCmedV5f3O+mdltACel+3rzK9uQlRuC7u3szNQVgUO9Uy7YXjmu1HbagaEpyyXnY0FpoXmTgsA9qUc8J0dILZXEihWlWTSVMxlpTyZIwE3tG1C/L6IW5QIkQ==\n",
            "public_key_pem": "-----BEGIN PUBLIC KEY-----\nMIICIjANBgkqhkiG9w0BAQEFAAOCAg8AMIICCgKCAgEAvhfYq8qf5oDJ3QINq492\ncthQMHjGGcgR/SEvcPeggrRkxkEIAU68sckvWZNDsZpF6Ezj/YWbyXcn1gKFZCcU\nuhcO3vdRk7Dk/omXpWkcaH1ad04hvI5ifNNTMXj3FBZ6yZF+08tn6AY7Q3eWHrp3\nLE7DlLfZKv2dVfvUPAFeAaZj4iQT2AEdeIvxiRE47AM7Q7IhSaA4we8EauYrvvSQ\nklKX+2javf4pXvj7kqknTb1XxMg44pBk2Lqn0uTqp6E9H1WkWseS+UfSV0lyN5oZ\nFiWKijxYL+lPf0/nNDhssQ9dmqtL5z3t2Xs3zZRhVie4MLnpINwbOiurqvZcsMy8\no3KowYj/8e9tuLH95Xa2vZPFmuTlqcx9fOBXoRFQO9+2RPfcwk1TaCngpxPnCHlc\nweTuNPp8UVq2LizX+UZrUsTX0y4Lnk92xJ4NbhMfJSdGgCDE1r5ZTmPxJSflDGG5\nC3U29mjenAevum/TYV9BoBzV/R1mSffXGlMgK9ofFFyBMEDtaWCvaGlWTlGfVDxh\n/XQD8zP9k8wLEnu0F87NBiUX3F8vlJkywpnnVeX9zvpnZbQAnpft68yvbkJUbgu7\nt7MzUFYFDvVMu2F45rtR22oGhKcsl52NBaaF5k4LAPalHPCdHSC2VxIoVpVk0lTM\nZaU8mSMBN7RtQvy+iFuUCJECAwEAAQ==\n-----END PUBLIC KEY-----\n",
            "rsa_bits": 4096
          },
          "sensitive_attributes": [
            [
              {
                "type": "get_attr",
                "value": "private_key_openssh"
              }
            ],
            [
              {
                "type": "get_attr",
                "value": "private_key_pem"
              }
            ],
            [
              {
                "type": "get_attr",
                "value": "private_key_pem_pkcs8"
              }
            ]
          ],
          "identity_schema_version": 0
        }
      ]
    }
  ],
  "check_results": null
}
